
Microsoft Visual Studio Solution File, Format Version 12.00
# Visual Studio Version 17
VisualStudioVersion = 17.3.32811.315
MinimumVisualStudioVersion = 10.0.40219.1
Project("{9A19103F-16F7-4668-BE54-9A1E7A4F7556}") = "ConfigExamples", "BepInExConfigExamples\ConfigExamples.csproj", "{1A1C9619-1FE8-4C94-8546-B8BE23CC05ED}"
EndProject
Global
	GlobalSection(SolutionConfigurationPlatforms) = preSolution
		Debug|Any CPU = Debug|Any CPU
		Release|Any CPU = Release|Any CPU
	EndGlobalSection
	GlobalSection(ProjectConfigurationPlatforms) = postSolution
		{1A1C9619-1FE8-4C94-8546-B8BE23CC05ED}.Debug|Any CPU.ActiveCfg = Debug|Any CPU
		{1A1C9619-1FE8-4C94-8546-B8BE23CC05ED}.Debug|Any CPU.Build.0 = Debug|Any CPU
		{1A1C9619-1FE8-4C94-8546-B8BE23CC05ED}.Release|Any CPU.ActiveCfg = Release|Any CPU
		{1A1C9619-1FE8-4C94-8546-B8BE23CC05ED}.Release|Any CPU.Build.0 = Release|Any CPU
	EndGlobalSection
	GlobalSection(SolutionProperties) = preSolution
		HideSolutionNode = FALSE
	EndGlobalSection
	GlobalSection(ExtensibilityGlobals) = postSolution
		SolutionGuid = {4B118CE5-FDFD-41FE-9438-C88259D5530A}
	EndGlobalSection
EndGlobal
